
Microsoft Visual Studio Solution File, Format Version 12.00
# Visual Studio Version 16
VisualStudioVersion = 16.0.809.4
MinimumVisualStudioVersion = 10.0.40219.1
Project("{FAE04EC0-301F-11D3-BF4B-00C04F79EFBC}") = "LopezCommon", "LopezCommon\LopezCommon.csproj", "{7DF704B6-98E4-41F0-B807-B2B9FCA807F3}"
EndProject
Global
	GlobalSection(SolutionConfigurationPlatforms) = preSolution
		Debug|Any CPU = Debug|Any CPU
		Release|Any CPU = Release|Any CPU
	EndGlobalSection
	GlobalSection(ProjectConfigurationPlatforms) = postSolution
		{7DF704B6-98E4-41F0-B807-B2B9FCA807F3}.Debug|Any CPU.ActiveCfg = Debug|Any CPU
		{7DF704B6-98E4-41F0-B807-B2B9FCA807F3}.Debug|Any CPU.Build.0 = Debug|Any CPU
		{7DF704B6-98E4-41F0-B807-B2B9FCA807F3}.Release|Any CPU.ActiveCfg = Release|Any CPU
		{7DF704B6-98E4-41F0-B807-B2B9FCA807F3}.Release|Any CPU.Build.0 = Release|Any CPU
	EndGlobalSection
	GlobalSection(SolutionProperties) = preSolution
		HideSolutionNode = FALSE
	EndGlobalSection
	GlobalSection(ExtensibilityGlobals) = postSolution
		SolutionGuid = {F032D7C4-C558-43D9-971A-465A3A6DA5F3}
	EndGlobalSection
EndGlobal
